// !$*UTF8*$!
{
	archiveVersion = 1;
	classes = {
	};
	objectVersion = 50;
	objects = {

/* Begin PBXBuildFile section */
		1688EBC020BF470800B2270D /* APIListModelController.swift in Sources */ = {isa = PBXBuildFile; fileRef = 1688EBBF20BF470800B2270D /* APIListModelController.swift */; };
		1688EBC220BF584000B2270D /* APISearchViewController.swift in Sources */ = {isa = PBXBuildFile; fileRef = 1688EBC120BF584000B2270D /* APISearchViewController.swift */; };
		1688EBC420BF594D00B2270D /* APIListViewController.swift in Sources */ = {isa = PBXBuildFile; fileRef = 1688EBC320BF594D00B2270D /* APIListViewController.swift */; };
		169D49E820BF3E2300719012 /* AppDelegate.swift in Sources */ = {isa = PBXBuildFile; fileRef = 169D49E720BF3E2300719012 /* AppDelegate.swift */; };
		169D49ED20BF3E2300719012 /* Main.storyboard in Resources */ = {isa = PBXBuildFile; fileRef = 169D49EB20BF3E2300719012 /* Main.storyboard */; };
		169D49F020BF3E2300719012 /* PublicAPI_Viewer.xcdatamodeld in Sources */ = {isa = PBXBuildFile; fileRef = 169D49EE20BF3E2300719012 /* PublicAPI_Viewer.xcdatamodeld */; };
		169D49F220BF3E2400719012 /* Assets.xcassets in Resources */ = {isa = PBXBuildFile; fileRef = 169D49F120BF3E2400719012 /* Assets.xcassets */; };
		169D49F520BF3E2400719012 /* LaunchScreen.storyboard in Resources */ = {isa = PBXBuildFile; fileRef = 169D49F320BF3E2400719012 /* LaunchScreen.storyboard */; };
		169D49FD20BF3E5A00719012 /* API List Model.swift in Sources */ = {isa = PBXBuildFile; fileRef = 169D49FC20BF3E5A00719012 /* API List Model.swift */; };
		16A761A520BF6D8200264AD5 /* Digital Ocean.png in Resources */ = {isa = PBXBuildFile; fileRef = 16A761A420BF6D8200264AD5 /* Digital Ocean.png */; };
		16A761A920BF732600264AD5 /* APIDetailViewController.swift in Sources */ = {isa = PBXBuildFile; fileRef = 16A761A820BF732600264AD5 /* APIDetailViewController.swift */; };
		16A761AB20BFB92100264AD5 /* logo-1527742856136.png in Resources */ = {isa = PBXBuildFile; fileRef = 16A761AA20BFB92100264AD5 /* logo-1527742856136.png */; };
/* End PBXBuildFile section */

/* Begin PBXFileReference section */
		1688EBBF20BF470800B2270D /* APIListModelController.swift */ = {isa = PBXFileReference; lastKnownFileType = sourcecode.swift; path = APIListModelController.swift; sourceTree = "<group>"; };
		1688EBC120BF584000B2270D /* APISearchViewController.swift */ = {isa = PBXFileReference; lastKnownFileType = sourcecode.swift; path = APISearchViewController.swift; sourceTree = "<group>"; };
		1688EBC320BF594D00B2270D /* APIListViewController.swift */ = {isa = PBXFileReference; lastKnownFileType = sourcecode.swift; path = APIListViewController.swift; sourceTree = "<group>"; };
		169D49E420BF3E2300719012 /* PublicAPI Viewer.app */ = {isa = PBXFileReference; explicitFileType = wrapper.application; includeInIndex = 0; path = "PublicAPI Viewer.app"; sourceTree = BUILT_PRODUCTS_DIR; };
		169D49E720BF3E2300719012 /* AppDelegate.swift */ = {isa = PBXFileReference; lastKnownFileType = sourcecode.swift; path = AppDelegate.swift; sourceTree = "<group>"; };
		169D49EC20BF3E2300719012 /* Base */ = {isa = PBXFileReference; lastKnownFileType = file.storyboard; name = Base; path = Base.lproj/Main.storyboard; sourceTree = "<group>"; };
		169D49EF20BF3E2300719012 /* PublicAPI_Viewer.xcdatamodel */ = {isa = PBXFileReference; lastKnownFileType = wrapper.xcdatamodel; path = PublicAPI_Viewer.xcdatamodel; sourceTree = "<group>"; };
		169D49F120BF3E2400719012 /* Assets.xcassets */ = {isa = PBXFileReference; lastKnownFileType = folder.assetcatalog; path = Assets.xcassets; sourceTree = "<group>"; };
		169D49F420BF3E2400719012 /* Base */ = {isa = PBXFileReference; lastKnownFileType = file.storyboard; name = Base; path = Base.lproj/LaunchScreen.storyboard; sourceTree = "<group>"; };
		169D49F620BF3E2400719012 /* Info.plist */ = {isa = PBXFileReference; lastKnownFileType = text.plist.xml; path = Info.plist; sourceTree = "<group>"; };
		169D49FC20BF3E5A00719012 /* API List Model.swift */ = {isa = PBXFileReference; lastKnownFileType = sourcecode.swift; path = "API List Model.swift"; sourceTree = "<group>"; };
		16A761A420BF6D8200264AD5 /* Digital Ocean.png */ = {isa = PBXFileReference; lastKnownFileType = image.png; path = "Digital Ocean.png"; sourceTree = "<group>"; };
		16A761A820BF732600264AD5 /* APIDetailViewController.swift */ = {isa = PBXFileReference; lastKnownFileType = sourcecode.swift; path = APIDetailViewController.swift; sourceTree = "<group>"; };
		16A761AA20BFB92100264AD5 /* logo-1527742856136.png */ = {isa = PBXFileReference; lastKnownFileType = image.png; path = "logo-1527742856136.png"; sourceTree = "<group>"; };
/* End PBXFileReference section */

/* Begin PBXFrameworksBuildPhase section */
		169D49E120BF3E2300719012 /* Frameworks */ = {
			isa = PBXFrameworksBuildPhase;
			buildActionMask = 2147483647;
			files = (
			);
			runOnlyForDeploymentPostprocessing = 0;
		};
/* End PBXFrameworksBuildPhase section */

/* Begin PBXGroup section */
		169D49DB20BF3E2300719012 = {
			isa = PBXGroup;
			children = (
				169D49E620BF3E2300719012 /* PublicAPI Viewer */,
				169D49E520BF3E2300719012 /* Products */,
			);
			sourceTree = "<group>";
		};
		169D49E520BF3E2300719012 /* Products */ = {
			isa = PBXGroup;
			children = (
				169D49E420BF3E2300719012 /* PublicAPI Viewer.app */,
			);
			name = Products;
			sourceTree = "<group>";
		};
		169D49E620BF3E2300719012 /* PublicAPI Viewer */ = {
			isa = PBXGroup;
			children = (
				169D49E720BF3E2300719012 /* AppDelegate.swift */,
				169D4A0320BF402C00719012 /* Models */,
				169D4A0220BF402900719012 /* Model Controller */,
				169D4A0120BF402700719012 /* View Controllers */,
				169D4A0020BF402400719012 /* Resources */,
				169D49FE20BF401800719012 /* UI */,
				169D49F120BF3E2400719012 /* Assets.xcassets */,
				16A761AA20BFB92100264AD5 /* logo-1527742856136.png */,
				16A761A420BF6D8200264AD5 /* Digital Ocean.png */,
			);
			path = "PublicAPI Viewer";
			sourceTree = "<group>";
		};
		169D49FE20BF401800719012 /* UI */ = {
			isa = PBXGroup;
			children = (
				169D49EB20BF3E2300719012 /* Main.storyboard */,
				169D49F320BF3E2400719012 /* LaunchScreen.storyboard */,
			);
			path = UI;
			sourceTree = "<group>";
		};
		169D4A0020BF402400719012 /* Resources */ = {
			isa = PBXGroup;
			children = (
				169D49F620BF3E2400719012 /* Info.plist */,
				169D49EE20BF3E2300719012 /* PublicAPI_Viewer.xcdatamodeld */,
			);
			path = Resources;
			sourceTree = "<group>";
		};
		169D4A0120BF402700719012 /* View Controllers */ = {
			isa = PBXGroup;
			children = (
				1688EBC120BF584000B2270D /* APISearchViewController.swift */,
				1688EBC320BF594D00B2270D /* APIListViewController.swift */,
				16A761A820BF732600264AD5 /* APIDetailViewController.swift */,
			);
			path = "View Controllers";
			sourceTree = "<group>";
		};
		169D4A0220BF402900719012 /* Model Controller */ = {
			isa = PBXGroup;
			children = (
				1688EBBF20BF470800B2270D /* APIListModelController.swift */,
			);
			path = "Model Controller";
			sourceTree = "<group>";
		};
		169D4A0320BF402C00719012 /* Models */ = {
			isa = PBXGroup;
			children = (
				169D49FC20BF3E5A00719012 /* API List Model.swift */,
			);
			path = Models;
			sourceTree = "<group>";
		};
/* End PBXGroup section */

/* Begin PBXNativeTarget section */
		169D49E320BF3E2300719012 /* PublicAPI Viewer */ = {
			isa = PBXNativeTarget;
			buildConfigurationList = 169D49F920BF3E2400719012 /* Build configuration list for PBXNativeTarget "PublicAPI Viewer" */;
			buildPhases = (
				169D49E020BF3E2300719012 /* Sources */,
				169D49E120BF3E2300719012 /* Frameworks */,
				169D49E220BF3E2300719012 /* Resources */,
			);
			buildRules = (
			);
			dependencies = (
			);
			name = "PublicAPI Viewer";
			productName = "PublicAPI Viewer";
			productReference = 169D49E420BF3E2300719012 /* PublicAPI Viewer.app */;
			productType = "com.apple.product-type.application";
		};
/* End PBXNativeTarget section */

/* Begin PBXProject section */
		169D49DC20BF3E2300719012 /* Project object */ = {
			isa = PBXProject;
			attributes = {
				LastSwiftUpdateCheck = 0930;
				LastUpgradeCheck = 0930;
				ORGANIZATIONNAME = "Ben Adams";
				TargetAttributes = {
					169D49E320BF3E2300719012 = {
						CreatedOnToolsVersion = 9.3.1;
					};
				};
			};
			buildConfigurationList = 169D49DF20BF3E2300719012 /* Build configuration list for PBXProject "PublicAPI Viewer" */;
			compatibilityVersion = "Xcode 9.3";
			developmentRegion = en;
			hasScannedForEncodings = 0;
			knownRegions = (
				en,
				Base,
			);
			mainGroup = 169D49DB20BF3E2300719012;
			productRefGroup = 169D49E520BF3E2300719012 /* Products */;
			projectDirPath = "";
			projectRoot = "";
			targets = (
				169D49E320BF3E2300719012 /* PublicAPI Viewer */,
			);
		};
/* End PBXProject section */

/* Begin PBXResourcesBuildPhase section */
		169D49E220BF3E2300719012 /* Resources */ = {
			isa = PBXResourcesBuildPhase;
			buildActionMask = 2147483647;
			files = (
				16A761A520BF6D8200264AD5 /* Digital Ocean.png in Resources */,
				169D49F520BF3E2400719012 /* LaunchScreen.storyboard in Resources */,
				169D49F220BF3E2400719012 /* Assets.xcassets in Resources */,
				169D49ED20BF3E2300719012 /* Main.storyboard in Resources */,
				16A761AB20BFB92100264AD5 /* logo-1527742856136.png in Resources */,
			);
			runOnlyForDeploymentPostprocessing = 0;
		};
/* End PBXResourcesBuildPhase section */

/* Begin PBXSourcesBuildPhase section */
		169D49E020BF3E2300719012 /* Sources */ = {
			isa = PBXSourcesBuildPhase;
			buildActionMask = 2147483647;
			files = (
				169D49F020BF3E2300719012 /* PublicAPI_Viewer.xcdatamodeld in Sources */,
				1688EBC420BF594D00B2270D /* APIListViewController.swift in Sources */,
				169D49FD20BF3E5A00719012 /* API List Model.swift in Sources */,
				1688EBC220BF584000B2270D /* APISearchViewController.swift in Sources */,
				1688EBC020BF470800B2270D /* APIListModelController.swift in Sources */,
				169D49E820BF3E2300719012 /* AppDelegate.swift in Sources */,
				16A761A920BF732600264AD5 /* APIDetailViewController.swift in Sources */,
			);
			runOnlyForDeploymentPostprocessing = 0;
		};
/* End PBXSourcesBuildPhase section */

/* Begin PBXVariantGroup section */
		169D49EB20BF3E2300719012 /* Main.storyboard */ = {
			isa = PBXVariantGroup;
			children = (
				169D49EC20BF3E2300719012 /* Base */,
			);
			name = Main.storyboard;
			sourceTree = "<group>";
		};
		169D49F320BF3E2400719012 /* LaunchScreen.storyboard */ = {
			isa = PBXVariantGroup;
			children = (
				169D49F420BF3E2400719012 /* Base */,
			);
			name = LaunchScreen.storyboard;
			sourceTree = "<group>";
		};
/* End PBXVariantGroup section */

/* Begin XCBuildConfiguration section */
		169D49F720BF3E2400719012 /* Debug */ = {
			isa = XCBuildConfiguration;
			buildSettings = {
				ALWAYS_SEARCH_USER_PATHS = NO;
				CLANG_ANALYZER_NONNULL = YES;
				CLANG_ANALYZER_NUMBER_OBJECT_CONVERSION = YES_AGGRESSIVE;
				CLANG_CXX_LANGUAGE_STANDARD = "gnu++14";
				CLANG_CXX_LIBRARY = "libc++";
				CLANG_ENABLE_MODULES = YES;
				CLANG_ENABLE_OBJC_ARC = YES;
				CLANG_ENABLE_OBJC_WEAK = YES;
				CLANG_WARN_BLOCK_CAPTURE_AUTORELEASING = YES;
				CLANG_WARN_BOOL_CONVERSION = YES;
				CLANG_WARN_COMMA = YES;
				CLANG_WARN_CONSTANT_CONVERSION = YES;
				CLANG_WARN_DEPRECATED_OBJC_IMPLEMENTATIONS = YES;
				CLANG_WARN_DIRECT_OBJC_ISA_USAGE = YES_ERROR;
				CLANG_WARN_DOCUMENTATION_COMMENTS = YES;
				CLANG_WARN_EMPTY_BODY = YES;
				CLANG_WARN_ENUM_CONVERSION = YES;
				CLANG_WARN_INFINITE_RECURSION = YES;
				CLANG_WARN_INT_CONVERSION = YES;
				CLANG_WARN_NON_LITERAL_NULL_CONVERSION = YES;
				CLANG_WARN_OBJC_IMPLICIT_RETAIN_SELF = YES;
				CLANG_WARN_OBJC_LITERAL_CONVERSION = YES;
				CLANG_WARN_OBJC_ROOT_CLASS = YES_ERROR;
				CLANG_WARN_RANGE_LOOP_ANALYSIS = YES;
				CLANG_WARN_STRICT_PROTOTYPES = YES;
				CLANG_WARN_SUSPICIOUS_MOVE = YES;
				CLANG_WARN_UNGUARDED_AVAILABILITY = YES_AGGRESSIVE;
				CLANG_WARN_UNREACHABLE_CODE = YES;
				CLANG_WARN__DUPLICATE_METHOD_MATCH = YES;
				CODE_SIGN_IDENTITY = "iPhone Developer";
				COPY_PHASE_STRIP = NO;
				DEBUG_INFORMATION_FORMAT = dwarf;
				ENABLE_STRICT_OBJC_MSGSEND = YES;
				ENABLE_TESTABILITY = YES;
				GCC_C_LANGUAGE_STANDARD = gnu11;
				GCC_DYNAMIC_NO_PIC = NO;
				GCC_NO_COMMON_BLOCKS = YES;
				GCC_OPTIMIZATION_LEVEL = 0;
				GCC_PREPROCESSOR_DEFINITIONS = (
					"DEBUG=1",
					"$(inherited)",
				);
				GCC_WARN_64_TO_32_BIT_CONVERSION = YES;
				GCC_WARN_ABOUT_RETURN_TYPE = YES_ERROR;
				GCC_WARN_UNDECLARED_SELECTOR = YES;
				GCC_WARN_UNINITIALIZED_AUTOS = YES_AGGRESSIVE;
				GCC_WARN_UNUSED_FUNCTION = YES;
				GCC_WARN_UNUSED_VARIABLE = YES;
				IPHONEOS_DEPLOYMENT_TARGET = 11.3;
				MTL_ENABLE_DEBUG_INFO = YES;
				ONLY_ACTIVE_ARCH = YES;
				SDKROOT = iphoneos;
				SWIFT_ACTIVE_COMPILATION_CONDITIONS = DEBUG;
				SWIFT_OPTIMIZATION_LEVEL = "-Onone";
			};
			name = Debug;
		};
		169D49F820BF3E2400719012 /* Release */ = {
			isa = XCBuildConfiguration;
			buildSettings = {
				ALWAYS_SEARCH_USER_PATHS = NO;
				CLANG_ANALYZER_NONNULL = YES;
				CLANG_ANALYZER_NUMBER_OBJECT_CONVERSION = YES_AGGRESSIVE;
				CLANG_CXX_LANGUAGE_STANDARD = "gnu++14";
				CLANG_CXX_LIBRARY = "libc++";
				CLANG_ENABLE_MODULES = YES;
				CLANG_ENABLE_OBJC_ARC = YES;
				CLANG_ENABLE_OBJC_WEAK = YES;
				CLANG_WARN_BLOCK_CAPTURE_AUTORELEASING = YES;
				CLANG_WARN_BOOL_CONVERSION = YES;
				CLANG_WARN_COMMA = YES;
				CLANG_WARN_CONSTANT_CONVERSION = YES;
				CLANG_WARN_DEPRECATED_OBJC_IMPLEMENTATIONS = YES;
				CLANG_WARN_DIRECT_OBJC_ISA_USAGE = YES_ERROR;
				CLANG_WARN_DOCUMENTATION_COMMENTS = YES;
				CLANG_WARN_EMPTY_BODY = YES;
				CLANG_WARN_ENUM_CONVERSION = YES;
				CLANG_WARN_INFINITE_RECURSION = YES;
				CLANG_WARN_INT_CONVERSION = YES;
				CLANG_WARN_NON_LITERAL_NULL_CONVERSION = YES;
				CLANG_WARN_OBJC_IMPLICIT_RETAIN_SELF = YES;
				CLANG_WARN_OBJC_LITERAL_CONVERSION = YES;
				CLANG_WARN_OBJC_ROOT_CLASS = YES_ERROR;
				CLANG_WARN_RANGE_LOOP_ANALYSIS = YES;
				CLANG_WARN_STRICT_PROTOTYPES = YES;
				CLANG_WARN_SUSPICIOUS_MOVE = YES;
				CLANG_WARN_UNGUARDED_AVAILABILITY = YES_AGGRESSIVE;
				CLANG_WARN_UNREACHABLE_CODE = YES;
				CLANG_WARN__DUPLICATE_METHOD_MATCH = YES;
				CODE_SIGN_IDENTITY = "iPhone Developer";
				COPY_PHASE_STRIP = NO;
				DEBUG_INFORMATION_FORMAT = "dwarf-with-dsym";
				ENABLE_NS_ASSERTIONS = NO;
				ENABLE_STRICT_OBJC_MSGSEND = YES;
				GCC_C_LANGUAGE_STANDARD = gnu11;
				GCC_NO_COMMON_BLOCKS = YES;
				GCC_WARN_64_TO_32_BIT_CONVERSION = YES;
				GCC_WARN_ABOUT_RETURN_TYPE = YES_ERROR;
				GCC_WARN_UNDECLARED_SELECTOR = YES;
				GCC_WARN_UNINITIALIZED_AUTOS = YES_AGGRESSIVE;
				GCC_WARN_UNUSED_FUNCTION = YES;
				GCC_WARN_UNUSED_VARIABLE = YES;
				IPHONEOS_DEPLOYMENT_TARGET = 11.3;
				MTL_ENABLE_DEBUG_INFO = NO;
				SDKROOT = iphoneos;
				SWIFT_COMPILATION_MODE = wholemodule;
				SWIFT_OPTIMIZATION_LEVEL = "-O";
				VALIDATE_PRODUCT = YES;
			};
			name = Release;
		};
		169D49FA20BF3E2400719012 /* Debug */ = {
			isa = XCBuildConfiguration;
			buildSettings = {
				ASSETCATALOG_COMPILER_APPICON_NAME = AppIcon;
				CODE_SIGN_STYLE = Automatic;
				DEVELOPMENT_TEAM = 4CCUMQ33UK;
				INFOPLIST_FILE = "$(SRCROOT)/PublicAPI Viewer/Resources/Info.plist";
				LD_RUNPATH_SEARCH_PATHS = (
					"$(inherited)",
					"@executable_path/Frameworks",
				);
				PRODUCT_BUNDLE_IDENTIFIER = "com.example.PublicAPI-Viewer";
				PRODUCT_NAME = "$(TARGET_NAME)";
				SWIFT_VERSION = 4.0;
				TARGETED_DEVICE_FAMILY = "1,2";
			};
			name = Debug;
		};
		169D49FB20BF3E2400719012 /* Release */ = {
			isa = XCBuildConfiguration;
			buildSettings = {
				ASSETCATALOG_COMPILER_APPICON_NAME = AppIcon;
				CODE_SIGN_STYLE = Automatic;
				DEVELOPMENT_TEAM = 4CCUMQ33UK;
				INFOPLIST_FILE = "$(SRCROOT)/PublicAPI Viewer/Resources/Info.plist";
				LD_RUNPATH_SEARCH_PATHS = (
					"$(inherited)",
					"@executable_path/Frameworks",
				);
				PRODUCT_BUNDLE_IDENTIFIER = "com.example.PublicAPI-Viewer";
				PRODUCT_NAME = "$(TARGET_NAME)";
				SWIFT_VERSION = 4.0;
				TARGETED_DEVICE_FAMILY = "1,2";
			};
			name = Release;
		};
/* End XCBuildConfiguration section */

/* Begin XCConfigurationList section */
		169D49DF20BF3E2300719012 /* Build configuration list for PBXProject "PublicAPI Viewer" */ = {
			isa = XCConfigurationList;
			buildConfigurations = (
				169D49F720BF3E2400719012 /* Debug */,
				169D49F820BF3E2400719012 /* Release */,
			);
			defaultConfigurationIsVisible = 0;
			defaultConfigurationName = Release;
		};
		169D49F920BF3E2400719012 /* Build configuration list for PBXNativeTarget "PublicAPI Viewer" */ = {
			isa = XCConfigurationList;
			buildConfigurations = (
				169D49FA20BF3E2400719012 /* Debug */,
				169D49FB20BF3E2400719012 /* Release */,
			);
			defaultConfigurationIsVisible = 0;
			defaultConfigurationName = Release;
		};
/* End XCConfigurationList section */

/* Begin XCVersionGroup section */
		169D49EE20BF3E2300719012 /* PublicAPI_Viewer.xcdatamodeld */ = {
			isa = XCVersionGroup;
			children = (
				169D49EF20BF3E2300719012 /* PublicAPI_Viewer.xcdatamodel */,
			);
			currentVersion = 169D49EF20BF3E2300719012 /* PublicAPI_Viewer.xcdatamodel */;
			path = PublicAPI_Viewer.xcdatamodeld;
			sourceTree = "<group>";
			versionGroupType = wrapper.xcdatamodel;
		};
/* End XCVersionGroup section */
	};
	rootObject = 169D49DC20BF3E2300719012 /* Project object */;
}
